
Microsoft Visual Studio Solution File, Format Version 12.00
# Visual Studio Version 17
VisualStudioVersion = 17.14.36202.13
MinimumVisualStudioVersion = 10.0.40219.1
Project("{FAE04EC0-301F-11D3-BF4B-00C04F79EFBC}") = "Api", "src\Api\Api.csproj", "{CBAFC0F9-5B69-AE5B-776E-B650E010DF04}"
EndProject
Project("{FAE04EC0-301F-11D3-BF4B-00C04F79EFBC}") = "Core", "src\Core\Core.csproj", "{0D04CD28-4E7A-473F-A962-1A6D08FA6DCB}"
EndProject
Project("{FAE04EC0-301F-11D3-BF4B-00C04F79EFBC}") = "Test", "src\Test\Test.csproj", "{76A8759B-9147-47A0-B589-47F40494BCEE}"
EndProject
Global
	GlobalSection(SolutionConfigurationPlatforms) = preSolution
		Debug|Any CPU = Debug|Any CPU
		Release|Any CPU = Release|Any CPU
	EndGlobalSection
	GlobalSection(ProjectConfigurationPlatforms) = postSolution
		{CBAFC0F9-5B69-AE5B-776E-B650E010DF04}.Debug|Any CPU.ActiveCfg = Debug|Any CPU
		{CBAFC0F9-5B69-AE5B-776E-B650E010DF04}.Debug|Any CPU.Build.0 = Debug|Any CPU
		{CBAFC0F9-5B69-AE5B-776E-B650E010DF04}.Release|Any CPU.ActiveCfg = Release|Any CPU
		{CBAFC0F9-5B69-AE5B-776E-B650E010DF04}.Release|Any CPU.Build.0 = Release|Any CPU
		{0D04CD28-4E7A-473F-A962-1A6D08FA6DCB}.Debug|Any CPU.ActiveCfg = Debug|Any CPU
		{0D04CD28-4E7A-473F-A962-1A6D08FA6DCB}.Debug|Any CPU.Build.0 = Debug|Any CPU
		{0D04CD28-4E7A-473F-A962-1A6D08FA6DCB}.Release|Any CPU.ActiveCfg = Release|Any CPU
		{0D04CD28-4E7A-473F-A962-1A6D08FA6DCB}.Release|Any CPU.Build.0 = Release|Any CPU
		{76A8759B-9147-47A0-B589-47F40494BCEE}.Debug|Any CPU.ActiveCfg = Debug|Any CPU
		{76A8759B-9147-47A0-B589-47F40494BCEE}.Debug|Any CPU.Build.0 = Debug|Any CPU
		{76A8759B-9147-47A0-B589-47F40494BCEE}.Release|Any CPU.ActiveCfg = Release|Any CPU
		{76A8759B-9147-47A0-B589-47F40494BCEE}.Release|Any CPU.Build.0 = Release|Any CPU
	EndGlobalSection
	GlobalSection(SolutionProperties) = preSolution
		HideSolutionNode = FALSE
	EndGlobalSection
	GlobalSection(ExtensibilityGlobals) = postSolution
		SolutionGuid = {911464C4-EA8A-4F1A-8392-755532A0C3FB}
	EndGlobalSection
EndGlobal
